
Microsoft Visual Studio Solution File, Format Version 12.00
# Visual Studio Version 16
VisualStudioVersion = 16.0.29318.209
MinimumVisualStudioVersion = 10.0.40219.1
Project("{FAE04EC0-301F-11D3-BF4B-00C04F79EFBC}") = "OneBuck", "OneBuck\OneBuck.csproj", "{9E375787-1B23-4196-BDDA-ABD972CD7023}"
EndProject
Global
	GlobalSection(SolutionConfigurationPlatforms) = preSolution
		Debug|Any CPU = Debug|Any CPU
		Release|Any CPU = Release|Any CPU
	EndGlobalSection
	GlobalSection(ProjectConfigurationPlatforms) = postSolution
		{9E375787-1B23-4196-BDDA-ABD972CD7023}.Debug|Any CPU.ActiveCfg = Debug|Any CPU
		{9E375787-1B23-4196-BDDA-ABD972CD7023}.Debug|Any CPU.Build.0 = Debug|Any CPU
		{9E375787-1B23-4196-BDDA-ABD972CD7023}.Release|Any CPU.ActiveCfg = Release|Any CPU
		{9E375787-1B23-4196-BDDA-ABD972CD7023}.Release|Any CPU.Build.0 = Release|Any CPU
	EndGlobalSection
	GlobalSection(SolutionProperties) = preSolution
		HideSolutionNode = FALSE
	EndGlobalSection
	GlobalSection(ExtensibilityGlobals) = postSolution
		SolutionGuid = {A6265DB9-3C56-49AB-BD93-95583E22F159}
	EndGlobalSection
EndGlobal
